# THIS IS AN AUTOGENERATED FILE. DO NOT EDIT THIS FILE DIRECTLY.
# yarn lockfile v1


"@types/node@^12.12.21":
  version "12.12.21"
  resolved "https://registry.yarnpkg.com/@types/node/-/node-12.12.21.tgz#aa44a6363291c7037111c47e4661ad210aded23f"
  integrity sha512-8sRGhbpU+ck1n0PGAUgVrWrWdjSW2aqNeyC15W88GRsMpSwzv6RJGlLhE7s2RhVSOdyDmxbqlWSeThq4/7xqlA==
